
Microsoft Visual Studio Solution File, Format Version 12.00
# Visual Studio Version 17
VisualStudioVersion = 17.6.33815.320
MinimumVisualStudioVersion = 10.0.40219.1
Project("{FAE04EC0-301F-11D3-BF4B-00C04F79EFBC}") = "TemperatureConverter", "TemperatureConverter\TemperatureConverter.csproj", "{EA772419-6A4B-4D27-84CB-568F806498C2}"
EndProject
Global
	GlobalSection(SolutionConfigurationPlatforms) = preSolution
		Debug|Any CPU = Debug|Any CPU
		Release|Any CPU = Release|Any CPU
	EndGlobalSection
	GlobalSection(ProjectConfigurationPlatforms) = postSolution
		{EA772419-6A4B-4D27-84CB-568F806498C2}.Debug|Any CPU.ActiveCfg = Debug|Any CPU
		{EA772419-6A4B-4D27-84CB-568F806498C2}.Debug|Any CPU.Build.0 = Debug|Any CPU
		{EA772419-6A4B-4D27-84CB-568F806498C2}.Release|Any CPU.ActiveCfg = Release|Any CPU
		{EA772419-6A4B-4D27-84CB-568F806498C2}.Release|Any CPU.Build.0 = Release|Any CPU
	EndGlobalSection
	GlobalSection(SolutionProperties) = preSolution
		HideSolutionNode = FALSE
	EndGlobalSection
	GlobalSection(ExtensibilityGlobals) = postSolution
		SolutionGuid = {3953B1CD-6EAE-4A30-8B3E-6F58268B338F}
	EndGlobalSection
EndGlobal
